
Microsoft Visual Studio Solution File, Format Version 12.00
# Visual Studio Version 17
VisualStudioVersion = 17.8.34330.188
MinimumVisualStudioVersion = 10.0.40219.1
Project("{FAE04EC0-301F-11D3-BF4B-00C04F79EFBC}") = "wpf_csharp", "wpf_csharp.csproj", "{2079154A-5B94-4A03-9F7E-7EE5AF64AD29}"
EndProject
Global
	GlobalSection(SolutionConfigurationPlatforms) = preSolution
		Debug|Any CPU = Debug|Any CPU
		Release|Any CPU = Release|Any CPU
	EndGlobalSection
	GlobalSection(ProjectConfigurationPlatforms) = postSolution
		{2079154A-5B94-4A03-9F7E-7EE5AF64AD29}.Debug|Any CPU.ActiveCfg = Debug|Any CPU
		{2079154A-5B94-4A03-9F7E-7EE5AF64AD29}.Debug|Any CPU.Build.0 = Debug|Any CPU
		{2079154A-5B94-4A03-9F7E-7EE5AF64AD29}.Release|Any CPU.ActiveCfg = Release|Any CPU
		{2079154A-5B94-4A03-9F7E-7EE5AF64AD29}.Release|Any CPU.Build.0 = Release|Any CPU
	EndGlobalSection
	GlobalSection(SolutionProperties) = preSolution
		HideSolutionNode = FALSE
	EndGlobalSection
	GlobalSection(ExtensibilityGlobals) = postSolution
		SolutionGuid = {3B64FBF8-79C0-4EE7-BE8B-8EF43DC0FE9F}
	EndGlobalSection
EndGlobal
